Microsoft Visual Studio Solution File, Format Version 12.00
# Visual Studio Version 17
VisualStudioVersion = 17.5.2.0
MinimumVisualStudioVersion = 10.0.40219.1
Project("{FAE04EC0-301F-11D3-BF4B-00C04F79EFBC}") = "00", "00.csproj", "{1E035783-B3D3-3E82-2AF1-72BE1D0F0E26}"
EndProject
Global
	GlobalSection(SolutionConfigurationPlatforms) = preSolution
		Debug|Any CPU = Debug|Any CPU
		Release|Any CPU = Release|Any CPU
	EndGlobalSection
	GlobalSection(ProjectConfigurationPlatforms) = postSolution
		{1E035783-B3D3-3E82-2AF1-72BE1D0F0E26}.Debug|Any CPU.ActiveCfg = Debug|Any CPU
		{1E035783-B3D3-3E82-2AF1-72BE1D0F0E26}.Debug|Any CPU.Build.0 = Debug|Any CPU
		{1E035783-B3D3-3E82-2AF1-72BE1D0F0E26}.Release|Any CPU.ActiveCfg = Release|Any CPU
		{1E035783-B3D3-3E82-2AF1-72BE1D0F0E26}.Release|Any CPU.Build.0 = Release|Any CPU
	EndGlobalSection
	GlobalSection(SolutionProperties) = preSolution
		HideSolutionNode = FALSE
	EndGlobalSection
	GlobalSection(ExtensibilityGlobals) = postSolution
		SolutionGuid = {B9160D6C-5EDF-4075-946E-58CE0D4ED412}
	EndGlobalSection
EndGlobal
